
Microsoft Visual Studio Solution File, Format Version 12.00
# Visual Studio 2015
Project("{FAE04EC0-301F-11D3-BF4B-00C04F79EFBC}") = "UnityVS.HandRecog3D.CSharp", "UnityVS.HandRecog3D.CSharp.csproj", "{122604B5-FB51-DF15-D281-FCB3324EB003}"
EndProject
Global
	GlobalSection(SolutionConfigurationPlatforms) = preSolution
		Debug|Any CPU = Debug|Any CPU
		Release|Any CPU = Release|Any CPU
	EndGlobalSection
	GlobalSection(ProjectConfigurationPlatforms) = postSolution
		{122604B5-FB51-DF15-D281-FCB3324EB003}.Debug|Any CPU.ActiveCfg = Debug|Any CPU
		{122604B5-FB51-DF15-D281-FCB3324EB003}.Debug|Any CPU.Build.0 = Debug|Any CPU
		{122604B5-FB51-DF15-D281-FCB3324EB003}.Release|Any CPU.ActiveCfg = Release|Any CPU
		{122604B5-FB51-DF15-D281-FCB3324EB003}.Release|Any CPU.Build.0 = Release|Any CPU
	EndGlobalSection
	GlobalSection(SolutionProperties) = preSolution
		HideSolutionNode = FALSE
	EndGlobalSection
EndGlobal
